
Microsoft Visual Studio Solution File, Format Version 12.00
# Visual Studio 15
VisualStudioVersion = 15.0.27703.2035
MinimumVisualStudioVersion = 10.0.40219.1
Project("{FAE04EC0-301F-11D3-BF4B-00C04F79EFBC}") = "WebVersion", "WebVersion\WebVersion.csproj", "{ED2E7D64-E8E4-4DD8-8794-5F423816DE4D}"
EndProject
Global
	GlobalSection(SolutionConfigurationPlatforms) = preSolution
		Debug|Any CPU = Debug|Any CPU
		Release|Any CPU = Release|Any CPU
	EndGlobalSection
	GlobalSection(ProjectConfigurationPlatforms) = postSolution
		{ED2E7D64-E8E4-4DD8-8794-5F423816DE4D}.Debug|Any CPU.ActiveCfg = Debug|Any CPU
		{ED2E7D64-E8E4-4DD8-8794-5F423816DE4D}.Debug|Any CPU.Build.0 = Debug|Any CPU
		{ED2E7D64-E8E4-4DD8-8794-5F423816DE4D}.Release|Any CPU.ActiveCfg = Release|Any CPU
		{ED2E7D64-E8E4-4DD8-8794-5F423816DE4D}.Release|Any CPU.Build.0 = Release|Any CPU
	EndGlobalSection
	GlobalSection(SolutionProperties) = preSolution
		HideSolutionNode = FALSE
	EndGlobalSection
	GlobalSection(ExtensibilityGlobals) = postSolution
		SolutionGuid = {BA5FBEB6-1612-4010-8875-F9D1ADF4352A}
	EndGlobalSection
EndGlobal
